
Microsoft Visual Studio Solution File, Format Version 12.00
# Visual Studio Version 17
VisualStudioVersion = 17.0.31903.59
MinimumVisualStudioVersion = 10.0.40219.1
Project("{FAE04EC0-301F-11D3-BF4B-00C04F79EFBC}") = "LibrarySystem.Domain", "LibrarySystem.Domain\LibrarySystem.Domain.csproj", "{1683A525-AF26-4AF0-ADE4-90E5FFE49C6A}"
EndProject
Project("{FAE04EC0-301F-11D3-BF4B-00C04F79EFBC}") = "LibrarySystem.Application", "LibrarySystem.Application\LibrarySystem.Application.csproj", "{5DB14B01-821F-4C4C-B174-BC76EFB54CB1}"
EndProject
Project("{FAE04EC0-301F-11D3-BF4B-00C04F79EFBC}") = "LibrarySystem.Infrastructure", "LibrarySystem.Infrastructure\LibrarySystem.Infrastructure.csproj", "{A320BFDD-B570-4C5F-8EB9-B043D08AD657}"
EndProject
Project("{FAE04EC0-301F-11D3-BF4B-00C04F79EFBC}") = "LibrarySystem.API", "LibrarySystem.API\LibrarySystem.API.csproj", "{D631CDB7-B6E7-451D-85FE-217C77968714}"
EndProject
Global
	GlobalSection(SolutionConfigurationPlatforms) = preSolution
		Debug|Any CPU = Debug|Any CPU
		Debug|x64 = Debug|x64
		Debug|x86 = Debug|x86
		Release|Any CPU = Release|Any CPU
		Release|x64 = Release|x64
		Release|x86 = Release|x86
	EndGlobalSection
	GlobalSection(ProjectConfigurationPlatforms) = postSolution
		{1683A525-AF26-4AF0-ADE4-90E5FFE49C6A}.Debug|Any CPU.ActiveCfg = Debug|Any CPU
		{1683A525-AF26-4AF0-ADE4-90E5FFE49C6A}.Debug|Any CPU.Build.0 = Debug|Any CPU
		{1683A525-AF26-4AF0-ADE4-90E5FFE49C6A}.Debug|x64.ActiveCfg = Debug|Any CPU
		{1683A525-AF26-4AF0-ADE4-90E5FFE49C6A}.Debug|x64.Build.0 = Debug|Any CPU
		{1683A525-AF26-4AF0-ADE4-90E5FFE49C6A}.Debug|x86.ActiveCfg = Debug|Any CPU
		{1683A525-AF26-4AF0-ADE4-90E5FFE49C6A}.Debug|x86.Build.0 = Debug|Any CPU
		{1683A525-AF26-4AF0-ADE4-90E5FFE49C6A}.Release|Any CPU.ActiveCfg = Release|Any CPU
		{1683A525-AF26-4AF0-ADE4-90E5FFE49C6A}.Release|Any CPU.Build.0 = Release|Any CPU
		{1683A525-AF26-4AF0-ADE4-90E5FFE49C6A}.Release|x64.ActiveCfg = Release|Any CPU
		{1683A525-AF26-4AF0-ADE4-90E5FFE49C6A}.Release|x64.Build.0 = Release|Any CPU
		{1683A525-AF26-4AF0-ADE4-90E5FFE49C6A}.Release|x86.ActiveCfg = Release|Any CPU
		{1683A525-AF26-4AF0-ADE4-90E5FFE49C6A}.Release|x86.Build.0 = Release|Any CPU
		{5DB14B01-821F-4C4C-B174-BC76EFB54CB1}.Debug|Any CPU.ActiveCfg = Debug|Any CPU
		{5DB14B01-821F-4C4C-B174-BC76EFB54CB1}.Debug|Any CPU.Build.0 = Debug|Any CPU
		{5DB14B01-821F-4C4C-B174-BC76EFB54CB1}.Debug|x64.ActiveCfg = Debug|Any CPU
		{5DB14B01-821F-4C4C-B174-BC76EFB54CB1}.Debug|x64.Build.0 = Debug|Any CPU
		{5DB14B01-821F-4C4C-B174-BC76EFB54CB1}.Debug|x86.ActiveCfg = Debug|Any CPU
		{5DB14B01-821F-4C4C-B174-BC76EFB54CB1}.Debug|x86.Build.0 = Debug|Any CPU
		{5DB14B01-821F-4C4C-B174-BC76EFB54CB1}.Release|Any CPU.ActiveCfg = Release|Any CPU
		{5DB14B01-821F-4C4C-B174-BC76EFB54CB1}.Release|Any CPU.Build.0 = Release|Any CPU
		{5DB14B01-821F-4C4C-B174-BC76EFB54CB1}.Release|x64.ActiveCfg = Release|Any CPU
		{5DB14B01-821F-4C4C-B174-BC76EFB54CB1}.Release|x64.Build.0 = Release|Any CPU
		{5DB14B01-821F-4C4C-B174-BC76EFB54CB1}.Release|x86.ActiveCfg = Release|Any CPU
		{5DB14B01-821F-4C4C-B174-BC76EFB54CB1}.Release|x86.Build.0 = Release|Any CPU
		{A320BFDD-B570-4C5F-8EB9-B043D08AD657}.Debug|Any CPU.ActiveCfg = Debug|Any CPU
		{A320BFDD-B570-4C5F-8EB9-B043D08AD657}.Debug|Any CPU.Build.0 = Debug|Any CPU
		{A320BFDD-B570-4C5F-8EB9-B043D08AD657}.Debug|x64.ActiveCfg = Debug|Any CPU
		{A320BFDD-B570-4C5F-8EB9-B043D08AD657}.Debug|x64.Build.0 = Debug|Any CPU
		{A320BFDD-B570-4C5F-8EB9-B043D08AD657}.Debug|x86.ActiveCfg = Debug|Any CPU
		{A320BFDD-B570-4C5F-8EB9-B043D08AD657}.Debug|x86.Build.0 = Debug|Any CPU
		{A320BFDD-B570-4C5F-8EB9-B043D08AD657}.Release|Any CPU.ActiveCfg = Release|Any CPU
		{A320BFDD-B570-4C5F-8EB9-B043D08AD657}.Release|Any CPU.Build.0 = Release|Any CPU
		{A320BFDD-B570-4C5F-8EB9-B043D08AD657}.Release|x64.ActiveCfg = Release|Any CPU
		{A320BFDD-B570-4C5F-8EB9-B043D08AD657}.Release|x64.Build.0 = Release|Any CPU
		{A320BFDD-B570-4C5F-8EB9-B043D08AD657}.Release|x86.ActiveCfg = Release|Any CPU
		{A320BFDD-B570-4C5F-8EB9-B043D08AD657}.Release|x86.Build.0 = Release|Any CPU
		{D631CDB7-B6E7-451D-85FE-217C77968714}.Debug|Any CPU.ActiveCfg = Debug|Any CPU
		{D631CDB7-B6E7-451D-85FE-217C77968714}.Debug|Any CPU.Build.0 = Debug|Any CPU
		{D631CDB7-B6E7-451D-85FE-217C77968714}.Debug|x64.ActiveCfg = Debug|Any CPU
		{D631CDB7-B6E7-451D-85FE-217C77968714}.Debug|x64.Build.0 = Debug|Any CPU
		{D631CDB7-B6E7-451D-85FE-217C77968714}.Debug|x86.ActiveCfg = Debug|Any CPU
		{D631CDB7-B6E7-451D-85FE-217C77968714}.Debug|x86.Build.0 = Debug|Any CPU
		{D631CDB7-B6E7-451D-85FE-217C77968714}.Release|Any CPU.ActiveCfg = Release|Any CPU
		{D631CDB7-B6E7-451D-85FE-217C77968714}.Release|Any CPU.Build.0 = Release|Any CPU
		{D631CDB7-B6E7-451D-85FE-217C77968714}.Release|x64.ActiveCfg = Release|Any CPU
		{D631CDB7-B6E7-451D-85FE-217C77968714}.Release|x64.Build.0 = Release|Any CPU
		{D631CDB7-B6E7-451D-85FE-217C77968714}.Release|x86.ActiveCfg = Release|Any CPU
		{D631CDB7-B6E7-451D-85FE-217C77968714}.Release|x86.Build.0 = Release|Any CPU
	EndGlobalSection
	GlobalSection(SolutionProperties) = preSolution
		HideSolutionNode = FALSE
	EndGlobalSection
EndGlobal
